
Microsoft Visual Studio Solution File, Format Version 12.00
# Visual Studio Version 16
VisualStudioVersion = 16.0.32126.315
MinimumVisualStudioVersion = 10.0.40219.1
Project("{FAE04EC0-301F-11D3-BF4B-00C04F79EFBC}") = "homeWork_2", "homeWork_2\homeWork_2.csproj", "{3E0DA3E6-B1C1-4E31-B871-3C5273A41A2C}"
EndProject
Global
	GlobalSection(SolutionConfigurationPlatforms) = preSolution
		Debug|Any CPU = Debug|Any CPU
		Release|Any CPU = Release|Any CPU
	EndGlobalSection
	GlobalSection(ProjectConfigurationPlatforms) = postSolution
		{3E0DA3E6-B1C1-4E31-B871-3C5273A41A2C}.Debug|Any CPU.ActiveCfg = Debug|Any CPU
		{3E0DA3E6-B1C1-4E31-B871-3C5273A41A2C}.Debug|Any CPU.Build.0 = Debug|Any CPU
		{3E0DA3E6-B1C1-4E31-B871-3C5273A41A2C}.Release|Any CPU.ActiveCfg = Release|Any CPU
		{3E0DA3E6-B1C1-4E31-B871-3C5273A41A2C}.Release|Any CPU.Build.0 = Release|Any CPU
	EndGlobalSection
	GlobalSection(SolutionProperties) = preSolution
		HideSolutionNode = FALSE
	EndGlobalSection
	GlobalSection(ExtensibilityGlobals) = postSolution
		SolutionGuid = {9EF96BC0-3C73-47E3-A1FE-8AE75DA9C2E2}
	EndGlobalSection
EndGlobal
